
Microsoft Visual Studio Solution File, Format Version 12.00
# Visual Studio Version 17
VisualStudioVersion = 17.6.33723.286
MinimumVisualStudioVersion = 10.0.40219.1
Project("{FAE04EC0-301F-11D3-BF4B-00C04F79EFBC}") = "ColegioAPI", "ColegioAPI\ColegioAPI.csproj", "{7E4AC58C-2E35-4AA4-B93E-572A6C441F60}"
EndProject
Project("{FAE04EC0-301F-11D3-BF4B-00C04F79EFBC}") = "ColegioApiTest", "ColegioApiTest\ColegioApiTest.csproj", "{EC5520E4-FD7E-4092-8013-7D82033624DA}"
EndProject
Global
	GlobalSection(SolutionConfigurationPlatforms) = preSolution
		Debug|Any CPU = Debug|Any CPU
		Release|Any CPU = Release|Any CPU
	EndGlobalSection
	GlobalSection(ProjectConfigurationPlatforms) = postSolution
		{7E4AC58C-2E35-4AA4-B93E-572A6C441F60}.Debug|Any CPU.ActiveCfg = Debug|Any CPU
		{7E4AC58C-2E35-4AA4-B93E-572A6C441F60}.Debug|Any CPU.Build.0 = Debug|Any CPU
		{7E4AC58C-2E35-4AA4-B93E-572A6C441F60}.Release|Any CPU.ActiveCfg = Release|Any CPU
		{7E4AC58C-2E35-4AA4-B93E-572A6C441F60}.Release|Any CPU.Build.0 = Release|Any CPU
		{EC5520E4-FD7E-4092-8013-7D82033624DA}.Debug|Any CPU.ActiveCfg = Debug|Any CPU
		{EC5520E4-FD7E-4092-8013-7D82033624DA}.Debug|Any CPU.Build.0 = Debug|Any CPU
		{EC5520E4-FD7E-4092-8013-7D82033624DA}.Release|Any CPU.ActiveCfg = Release|Any CPU
		{EC5520E4-FD7E-4092-8013-7D82033624DA}.Release|Any CPU.Build.0 = Release|Any CPU
	EndGlobalSection
	GlobalSection(SolutionProperties) = preSolution
		HideSolutionNode = FALSE
	EndGlobalSection
	GlobalSection(ExtensibilityGlobals) = postSolution
		SolutionGuid = {C88E8435-F4CF-4186-BD04-634692145940}
	EndGlobalSection
EndGlobal
